
Microsoft Visual Studio Solution File, Format Version 12.00
# Visual Studio Version 17
VisualStudioVersion = 17.3.32901.215
MinimumVisualStudioVersion = 10.0.40219.1
Project("{FAE04EC0-301F-11D3-BF4B-00C04F79EFBC}") = "StructCheck", "Check\StructCheck.csproj", "{01C1ED6B-5383-4265-9972-E3FF5EFE280C}"
EndProject
Global
	GlobalSection(SolutionConfigurationPlatforms) = preSolution
		Debug|Any CPU = Debug|Any CPU
		Release|Any CPU = Release|Any CPU
	EndGlobalSection
	GlobalSection(ProjectConfigurationPlatforms) = postSolution
		{01C1ED6B-5383-4265-9972-E3FF5EFE280C}.Debug|Any CPU.ActiveCfg = Debug|Any CPU
		{01C1ED6B-5383-4265-9972-E3FF5EFE280C}.Debug|Any CPU.Build.0 = Debug|Any CPU
		{01C1ED6B-5383-4265-9972-E3FF5EFE280C}.Release|Any CPU.ActiveCfg = Release|Any CPU
		{01C1ED6B-5383-4265-9972-E3FF5EFE280C}.Release|Any CPU.Build.0 = Release|Any CPU
	EndGlobalSection
	GlobalSection(SolutionProperties) = preSolution
		HideSolutionNode = FALSE
	EndGlobalSection
	GlobalSection(ExtensibilityGlobals) = postSolution
		SolutionGuid = {DDC1485C-437A-405F-8E9B-6F141AA113B0}
	EndGlobalSection
EndGlobal
